
Microsoft Visual Studio Solution File, Format Version 12.00
# Visual Studio Version 17
VisualStudioVersion = 17.9.34728.123
MinimumVisualStudioVersion = 10.0.40219.1
Project("{FAE04EC0-301F-11D3-BF4B-00C04F79EFBC}") = "module4", "module4\module4.csproj", "{EF942945-5218-40BA-B5A2-046AA618EE8A}"
EndProject
Global
	GlobalSection(SolutionConfigurationPlatforms) = preSolution
		Debug|Any CPU = Debug|Any CPU
		Release|Any CPU = Release|Any CPU
	EndGlobalSection
	GlobalSection(ProjectConfigurationPlatforms) = postSolution
		{EF942945-5218-40BA-B5A2-046AA618EE8A}.Debug|Any CPU.ActiveCfg = Debug|Any CPU
		{EF942945-5218-40BA-B5A2-046AA618EE8A}.Debug|Any CPU.Build.0 = Debug|Any CPU
		{EF942945-5218-40BA-B5A2-046AA618EE8A}.Release|Any CPU.ActiveCfg = Release|Any CPU
		{EF942945-5218-40BA-B5A2-046AA618EE8A}.Release|Any CPU.Build.0 = Release|Any CPU
	EndGlobalSection
	GlobalSection(SolutionProperties) = preSolution
		HideSolutionNode = FALSE
	EndGlobalSection
	GlobalSection(ExtensibilityGlobals) = postSolution
		SolutionGuid = {50770093-961E-4F10-B815-5B2E82EE54E3}
	EndGlobalSection
EndGlobal
