
Microsoft Visual Studio Solution File, Format Version 12.00
# Visual Studio Version 17
VisualStudioVersion = 17.9.34728.123
MinimumVisualStudioVersion = 10.0.40219.1
Project("{FAE04EC0-301F-11D3-BF4B-00C04F79EFBC}") = "task 3 3 2", "task 3 3 2\task 3 3 2.csproj", "{82EEF3A5-DDB5-4F3F-ABA8-79CE0E7F723B}"
EndProject
Global
	GlobalSection(SolutionConfigurationPlatforms) = preSolution
		Debug|Any CPU = Debug|Any CPU
		Release|Any CPU = Release|Any CPU
	EndGlobalSection
	GlobalSection(ProjectConfigurationPlatforms) = postSolution
		{82EEF3A5-DDB5-4F3F-ABA8-79CE0E7F723B}.Debug|Any CPU.ActiveCfg = Debug|Any CPU
		{82EEF3A5-DDB5-4F3F-ABA8-79CE0E7F723B}.Debug|Any CPU.Build.0 = Debug|Any CPU
		{82EEF3A5-DDB5-4F3F-ABA8-79CE0E7F723B}.Release|Any CPU.ActiveCfg = Release|Any CPU
		{82EEF3A5-DDB5-4F3F-ABA8-79CE0E7F723B}.Release|Any CPU.Build.0 = Release|Any CPU
	EndGlobalSection
	GlobalSection(SolutionProperties) = preSolution
		HideSolutionNode = FALSE
	EndGlobalSection
	GlobalSection(ExtensibilityGlobals) = postSolution
		SolutionGuid = {4AA9B756-D70D-472C-AF99-E3D2F273AD01}
	EndGlobalSection
EndGlobal
